
Microsoft Visual Studio Solution File, Format Version 12.00
# Visual Studio Version 18
VisualStudioVersion = 18.7.11925.98
MinimumVisualStudioVersion = 10.0.40219.1
Project("{2150E333-8FDC-42A3-9474-1A3956D46DE8}") = "Simple.Core", "Simple.Core", "{2E42E8C2-0438-4646-86FD-4457691FF15F}"
EndProject
Project("{2150E333-8FDC-42A3-9474-1A3956D46DE8}") = "SharpSnmpLib", "SharpSnmpLib", "{D9119F75-7A3E-4664-B82E-B5EE1AE09458}"
EndProject
Project("{2150E333-8FDC-42A3-9474-1A3956D46DE8}") = "SSH.NET", "SSH.NET", "{1BC9397E-5A75-47AA-8225-3DADFD2DCCE6}"
EndProject
Project("{9A19103F-16F7-4668-BE54-9A1E7A4F7556}") = "Renci.SshNet", "SSH.NET\src\Renci.SshNet\Renci.SshNet.csproj", "{A701ED7F-A392-437A-9B6D-79700B8EA806}"
EndProject
Project("{2150E333-8FDC-42A3-9474-1A3956D46DE8}") = "HtmlAgilityPack", "HtmlAgilityPack", "{8CE7AE7B-413A-49ED-A416-28F0D9777F50}"
EndProject
Project("{9A19103F-16F7-4668-BE54-9A1E7A4F7556}") = "HtmlAgilityPack", "HtmlAgilityPack\HtmlAgilityPack.csproj", "{5BE5F7BE-62C1-44E5-A38F-649F44DE09DC}"
EndProject
Project("{2150E333-8FDC-42A3-9474-1A3956D46DE8}") = "Routrek.Granados-SSH1", "Routrek.Granados-SSH1", "{2EE724FB-0857-481C-B04F-E18AB150EB9B}"
EndProject
Project("{9A19103F-16F7-4668-BE54-9A1E7A4F7556}") = "Routrek.Granados", "Routrek.Granados-SSH1\Routrek.Granados.csproj", "{FF9EBB02-7236-43FF-B4E8-6D494E501000}"
EndProject
Project("{9A19103F-16F7-4668-BE54-9A1E7A4F7556}") = "SshNet.Security.Cryptography.NETStandard", "SshNet.Security.Cryptography\src\SshNet.Security.Cryptography.NETStandard\SshNet.Security.Cryptography.NETStandard.csproj", "{9772D1AE-93E9-4DDC-958E-FDB521B4E335}"
EndProject
Project("{9A19103F-16F7-4668-BE54-9A1E7A4F7556}") = "SharpSnmpLib", "SharpSnmpLib\SharpSnmpLib\SharpSnmpLib.csproj", "{89BCC85B-F536-4707-9C91-0F492C9D6DB5}"
EndProject
Project("{9A19103F-16F7-4668-BE54-9A1E7A4F7556}") = "NET.Providers", "NET.Providers\NET.Providers.csproj", "{93F21063-F354-494E-8C6C-9F8A4EC20934}"
EndProject
Project("{FAE04EC0-301F-11D3-BF4B-00C04F79EFBC}") = "Simple.Core", "Simple.Core\Simple.Core.csproj", "{A68F5EA5-D4D4-E3BF-C9A4-63E1C234B924}"
EndProject
Global
	GlobalSection(SolutionConfigurationPlatforms) = preSolution
		Debug|Any CPU = Debug|Any CPU
		Publish|Any CPU = Publish|Any CPU
		Release|Any CPU = Release|Any CPU
	EndGlobalSection
	GlobalSection(ProjectConfigurationPlatforms) = postSolution
		{A701ED7F-A392-437A-9B6D-79700B8EA806}.Debug|Any CPU.ActiveCfg = Debug|Any CPU
		{A701ED7F-A392-437A-9B6D-79700B8EA806}.Debug|Any CPU.Build.0 = Debug|Any CPU
		{A701ED7F-A392-437A-9B6D-79700B8EA806}.Publish|Any CPU.ActiveCfg = Release|Any CPU
		{A701ED7F-A392-437A-9B6D-79700B8EA806}.Publish|Any CPU.Build.0 = Release|Any CPU
		{A701ED7F-A392-437A-9B6D-79700B8EA806}.Release|Any CPU.ActiveCfg = Release|Any CPU
		{A701ED7F-A392-437A-9B6D-79700B8EA806}.Release|Any CPU.Build.0 = Release|Any CPU
		{5BE5F7BE-62C1-44E5-A38F-649F44DE09DC}.Debug|Any CPU.ActiveCfg = Debug|Any CPU
		{5BE5F7BE-62C1-44E5-A38F-649F44DE09DC}.Debug|Any CPU.Build.0 = Debug|Any CPU
		{5BE5F7BE-62C1-44E5-A38F-649F44DE09DC}.Publish|Any CPU.ActiveCfg = Release|Any CPU
		{5BE5F7BE-62C1-44E5-A38F-649F44DE09DC}.Publish|Any CPU.Build.0 = Release|Any CPU
		{5BE5F7BE-62C1-44E5-A38F-649F44DE09DC}.Release|Any CPU.ActiveCfg = Release|Any CPU
		{5BE5F7BE-62C1-44E5-A38F-649F44DE09DC}.Release|Any CPU.Build.0 = Release|Any CPU
		{FF9EBB02-7236-43FF-B4E8-6D494E501000}.Debug|Any CPU.ActiveCfg = Debug|Any CPU
		{FF9EBB02-7236-43FF-B4E8-6D494E501000}.Debug|Any CPU.Build.0 = Debug|Any CPU
		{FF9EBB02-7236-43FF-B4E8-6D494E501000}.Publish|Any CPU.ActiveCfg = Release|Any CPU
		{FF9EBB02-7236-43FF-B4E8-6D494E501000}.Publish|Any CPU.Build.0 = Release|Any CPU
		{FF9EBB02-7236-43FF-B4E8-6D494E501000}.Release|Any CPU.ActiveCfg = Release|Any CPU
		{FF9EBB02-7236-43FF-B4E8-6D494E501000}.Release|Any CPU.Build.0 = Release|Any CPU
		{9772D1AE-93E9-4DDC-958E-FDB521B4E335}.Debug|Any CPU.ActiveCfg = Debug|Any CPU
		{9772D1AE-93E9-4DDC-958E-FDB521B4E335}.Debug|Any CPU.Build.0 = Debug|Any CPU
		{9772D1AE-93E9-4DDC-958E-FDB521B4E335}.Publish|Any CPU.ActiveCfg = Release|Any CPU
		{9772D1AE-93E9-4DDC-958E-FDB521B4E335}.Publish|Any CPU.Build.0 = Release|Any CPU
		{9772D1AE-93E9-4DDC-958E-FDB521B4E335}.Release|Any CPU.ActiveCfg = Release|Any CPU
		{9772D1AE-93E9-4DDC-958E-FDB521B4E335}.Release|Any CPU.Build.0 = Release|Any CPU
		{89BCC85B-F536-4707-9C91-0F492C9D6DB5}.Debug|Any CPU.ActiveCfg = Debug|Any CPU
		{89BCC85B-F536-4707-9C91-0F492C9D6DB5}.Debug|Any CPU.Build.0 = Debug|Any CPU
		{89BCC85B-F536-4707-9C91-0F492C9D6DB5}.Publish|Any CPU.ActiveCfg = Release|Any CPU
		{89BCC85B-F536-4707-9C91-0F492C9D6DB5}.Publish|Any CPU.Build.0 = Release|Any CPU
		{89BCC85B-F536-4707-9C91-0F492C9D6DB5}.Release|Any CPU.ActiveCfg = Release|Any CPU
		{89BCC85B-F536-4707-9C91-0F492C9D6DB5}.Release|Any CPU.Build.0 = Release|Any CPU
		{93F21063-F354-494E-8C6C-9F8A4EC20934}.Debug|Any CPU.ActiveCfg = Debug|Any CPU
		{93F21063-F354-494E-8C6C-9F8A4EC20934}.Debug|Any CPU.Build.0 = Debug|Any CPU
		{93F21063-F354-494E-8C6C-9F8A4EC20934}.Publish|Any CPU.ActiveCfg = Debug|Any CPU
		{93F21063-F354-494E-8C6C-9F8A4EC20934}.Publish|Any CPU.Build.0 = Debug|Any CPU
		{93F21063-F354-494E-8C6C-9F8A4EC20934}.Release|Any CPU.ActiveCfg = Release|Any CPU
		{93F21063-F354-494E-8C6C-9F8A4EC20934}.Release|Any CPU.Build.0 = Release|Any CPU
		{A68F5EA5-D4D4-E3BF-C9A4-63E1C234B924}.Debug|Any CPU.ActiveCfg = Debug|Any CPU
		{A68F5EA5-D4D4-E3BF-C9A4-63E1C234B924}.Debug|Any CPU.Build.0 = Debug|Any CPU
		{A68F5EA5-D4D4-E3BF-C9A4-63E1C234B924}.Publish|Any CPU.ActiveCfg = Release|Any CPU
		{A68F5EA5-D4D4-E3BF-C9A4-63E1C234B924}.Publish|Any CPU.Build.0 = Release|Any CPU
		{A68F5EA5-D4D4-E3BF-C9A4-63E1C234B924}.Release|Any CPU.ActiveCfg = Release|Any CPU
		{A68F5EA5-D4D4-E3BF-C9A4-63E1C234B924}.Release|Any CPU.Build.0 = Release|Any CPU
	EndGlobalSection
	GlobalSection(SolutionProperties) = preSolution
		HideSolutionNode = FALSE
	EndGlobalSection
	GlobalSection(NestedProjects) = preSolution
		{A701ED7F-A392-437A-9B6D-79700B8EA806} = {1BC9397E-5A75-47AA-8225-3DADFD2DCCE6}
		{5BE5F7BE-62C1-44E5-A38F-649F44DE09DC} = {8CE7AE7B-413A-49ED-A416-28F0D9777F50}
		{FF9EBB02-7236-43FF-B4E8-6D494E501000} = {2EE724FB-0857-481C-B04F-E18AB150EB9B}
		{9772D1AE-93E9-4DDC-958E-FDB521B4E335} = {1BC9397E-5A75-47AA-8225-3DADFD2DCCE6}
		{89BCC85B-F536-4707-9C91-0F492C9D6DB5} = {D9119F75-7A3E-4664-B82E-B5EE1AE09458}
		{A68F5EA5-D4D4-E3BF-C9A4-63E1C234B924} = {2E42E8C2-0438-4646-86FD-4457691FF15F}
	EndGlobalSection
	GlobalSection(ExtensibilityGlobals) = postSolution
		SolutionGuid = {FB583DAB-B06E-4816-BA28-244CAF8BDD01}
	EndGlobalSection
	GlobalSection(SharedMSBuildProjectFiles) = preSolution
		SshNet.Security.Cryptography\src\SshNet.Security.Cryptography.Shared\SshNet.Security.Cryptography.Shared.projitems*{9772d1ae-93e9-4ddc-958e-fdb521b4e335}*SharedItemsImports = 5
	EndGlobalSection
EndGlobal
